
Microsoft Visual Studio Solution File, Format Version 12.00
# Visual Studio Version 17
VisualStudioVersion = 17.14.36518.9 d17.14
MinimumVisualStudioVersion = 10.0.40219.1
Project("{2150E333-8FDC-42A3-9474-1A3956D46DE8}") = "Task0", "Task0", "{02EA681E-C7D8-13C7-8484-4AC65E1B71E8}"
EndProject
Project("{FAE04EC0-301F-11D3-BF4B-00C04F79EFBC}") = "Tyuiu.ZvyaginaNY.Sprint5.Task0.V3", "Tyuiu.ZvyaginaNY.Sprint5.Task0.V3\Tyuiu.ZvyaginaNY.Sprint5.Task0.V3.csproj", "{33D23219-711C-46E2-B8D6-4648BB87ED42}"
EndProject
Project("{FAE04EC0-301F-11D3-BF4B-00C04F79EFBC}") = "Tyuiu.ZvyaginaNY.Sprint5.Task0.V3.Lib", "Tyuiu.ZvyaginaNY.Sprint5.Task0.V3.Lib\Tyuiu.ZvyaginaNY.Sprint5.Task0.V3.Lib.csproj", "{2FC066D9-29C8-4371-BD55-62F713EE912B}"
EndProject
Project("{FAE04EC0-301F-11D3-BF4B-00C04F79EFBC}") = "Tyuiu.ZvyaginaNY.Sprint5.Task0.V3.Test", "Tyuiu.ZvyaginaNY.Sprint5.Task0.V3.Test\Tyuiu.ZvyaginaNY.Sprint5.Task0.V3.Test.csproj", "{D8B728E4-5E93-4B10-B1AA-2103E5996562}"
EndProject
Project("{2150E333-8FDC-42A3-9474-1A3956D46DE8}") = "Task1", "Task1", "{BF27820E-C882-417C-9D4E-DB8551B3C0F5}"
EndProject
Project("{FAE04EC0-301F-11D3-BF4B-00C04F79EFBC}") = "Tyuiu.ZvyaginaNY.Sprint5.Task1.V24", "Tyuiu.ZvyaginaNY.Sprint5.Task1.V24\Tyuiu.ZvyaginaNY.Sprint5.Task1.V24.csproj", "{C417D9DE-2D61-4615-AE41-39C1FE1EBC4D}"
EndProject
Project("{FAE04EC0-301F-11D3-BF4B-00C04F79EFBC}") = "Tyuiu.ZvyaginaNY.Sprint5.Task1.V24.Lib", "Tyuiu.ZvyaginaNY.Sprint5.Task1.V24.Lib\Tyuiu.ZvyaginaNY.Sprint5.Task1.V24.Lib.csproj", "{7EA322C9-3AF6-4810-9B04-E4F445D87577}"
EndProject
Project("{FAE04EC0-301F-11D3-BF4B-00C04F79EFBC}") = "Tyuiu.ZvyaginaNY.Sprint5.Task1.V24.Test", "Tyuiu.ZvyaginaNY.Sprint5.Task1.V24.Test\Tyuiu.ZvyaginaNY.Sprint5.Task1.V24.Test.csproj", "{A9121C8C-EF73-4244-B847-DEEFD6E2A154}"
EndProject
Project("{2150E333-8FDC-42A3-9474-1A3956D46DE8}") = "Task2", "Task2", "{AF76B850-620B-43FF-94A4-5895F9BE45CB}"
EndProject
Project("{FAE04EC0-301F-11D3-BF4B-00C04F79EFBC}") = "Tyuiu.ZvyaginaNY.Sprint5.Task2.V20", "Tyuiu.ZvyaginaNY.Sprint5.Task2.V20\Tyuiu.ZvyaginaNY.Sprint5.Task2.V20.csproj", "{78FB76D8-8E25-4582-AE0B-92131EC2F50B}"
EndProject
Project("{FAE04EC0-301F-11D3-BF4B-00C04F79EFBC}") = "Tyuiu.ZvyaginaNY.Sprint5.Task2.V20.Lib", "Tyuiu.ZvyaginaNY.Sprint5.Task2.V20.Lib\Tyuiu.ZvyaginaNY.Sprint5.Task2.V20.Lib.csproj", "{B585562F-F252-46A8-BE04-407C32896A22}"
EndProject
Project("{FAE04EC0-301F-11D3-BF4B-00C04F79EFBC}") = "Tyuiu.ZvyaginaNY.Sprint5.Task2.V20.Test", "Tyuiu.ZvyaginaNY.Sprint5.Task2.V20.Test\Tyuiu.ZvyaginaNY.Sprint5.Task2.V20.Test.csproj", "{A52C505F-EBDE-4910-BDF6-55DBFCAD34CD}"
EndProject
Project("{2150E333-8FDC-42A3-9474-1A3956D46DE8}") = "Task3", "Task3", "{C0BAF20A-6B0D-40FE-9602-E45F0F1C4498}"
EndProject
Project("{FAE04EC0-301F-11D3-BF4B-00C04F79EFBC}") = "Tyuiu.ZvyaginaNY.Sprint5.Task3.V11", "Tyuiu.ZvyaginaNY.Sprint5.Task3.V11\Tyuiu.ZvyaginaNY.Sprint5.Task3.V11.csproj", "{FB2764C3-04A4-469C-86E7-F158429D91AF}"
EndProject
Project("{FAE04EC0-301F-11D3-BF4B-00C04F79EFBC}") = "Tyuiu.ZvyaginaNY.Sprint5.Task3.V11.Lib", "Tyuiu.ZvyaginaNY.Sprint5.Task3.V11.Lib\Tyuiu.ZvyaginaNY.Sprint5.Task3.V11.Lib.csproj", "{D3976025-5452-460C-AA65-ACAD0A669651}"
EndProject
Project("{FAE04EC0-301F-11D3-BF4B-00C04F79EFBC}") = "Tyuiu.ZvyaginaNY.Sprint5.Task3.V11.Test", "Tyuiu.ZvyaginaNY.Sprint5.Task3.V11.Test\Tyuiu.ZvyaginaNY.Sprint5.Task3.V11.Test.csproj", "{D471A9C8-CBEE-425D-A983-52AA5236CFA0}"
EndProject
Project("{2150E333-8FDC-42A3-9474-1A3956D46DE8}") = "Task4", "Task4", "{382C42C4-455A-4D97-A380-F8BC124941A3}"
EndProject
Project("{FAE04EC0-301F-11D3-BF4B-00C04F79EFBC}") = "Tyuiu.ZvyaginaNY.Sprint5.Task4.V10", "Tyuiu.ZvyaginaNY.Sprint5.Task4.V10\Tyuiu.ZvyaginaNY.Sprint5.Task4.V10.csproj", "{1BC5DB0D-068D-4A9F-AC81-BBFF70D99BD6}"
EndProject
Project("{FAE04EC0-301F-11D3-BF4B-00C04F79EFBC}") = "Tyuiu.ZvyaginaNY.Sprint5.Task4.V10.Lib", "Tyuiu.ZvyaginaNY.Sprint5.Task4.V10.Lib\Tyuiu.ZvyaginaNY.Sprint5.Task4.V10.Lib.csproj", "{010FF4AA-62A9-4E47-BDD0-6AEB5C566D80}"
EndProject
Project("{FAE04EC0-301F-11D3-BF4B-00C04F79EFBC}") = "Tyuiu.ZvyaginaNY.Sprint5.Task4.V10.Test", "Tyuiu.ZvyaginaNY.Sprint5.Task4.V10.Test\Tyuiu.ZvyaginaNY.Sprint5.Task4.V10.Test.csproj", "{583E4259-30EE-4931-9672-9B984BDD5CB7}"
EndProject
Project("{2150E333-8FDC-42A3-9474-1A3956D46DE8}") = "Task5", "Task5", "{0B62649C-7894-4399-8944-CA23DF640339}"
EndProject
Project("{FAE04EC0-301F-11D3-BF4B-00C04F79EFBC}") = "Tyuiu.ZvyaginaNY.Sprint5.Task5.V2", "Tyuiu.ZvyaginaNY.Sprint5.Task5.V2\Tyuiu.ZvyaginaNY.Sprint5.Task5.V2.csproj", "{7EF3D44F-54AB-422D-991A-758B4C0BADAE}"
EndProject
Project("{FAE04EC0-301F-11D3-BF4B-00C04F79EFBC}") = "Tyuiu.ZvyaginaNY.Sprint5.Task5.V2.Lib", "Tyuiu.ZvyaginaNY.Sprint5.Task5.V2.Lib\Tyuiu.ZvyaginaNY.Sprint5.Task5.V2.Lib.csproj", "{E857BBF7-289A-498D-8DC2-6AA12061BC36}"
EndProject
Project("{FAE04EC0-301F-11D3-BF4B-00C04F79EFBC}") = "Tyuiu.ZvyaginaNY.Sprint5.Task5.V2.Test", "Tyuiu.ZvyaginaNY.Sprint5.Task5.V2.Test\Tyuiu.ZvyaginaNY.Sprint5.Task5.V2.Test.csproj", "{C78EF094-3854-4E07-B8ED-E8803CA42B48}"
EndProject
Global
	GlobalSection(SolutionConfigurationPlatforms) = preSolution
		Debug|Any CPU = Debug|Any CPU
		Release|Any CPU = Release|Any CPU
	EndGlobalSection
	GlobalSection(ProjectConfigurationPlatforms) = postSolution
		{33D23219-711C-46E2-B8D6-4648BB87ED42}.Debug|Any CPU.ActiveCfg = Debug|Any CPU
		{33D23219-711C-46E2-B8D6-4648BB87ED42}.Debug|Any CPU.Build.0 = Debug|Any CPU
		{33D23219-711C-46E2-B8D6-4648BB87ED42}.Release|Any CPU.ActiveCfg = Release|Any CPU
		{33D23219-711C-46E2-B8D6-4648BB87ED42}.Release|Any CPU.Build.0 = Release|Any CPU
		{2FC066D9-29C8-4371-BD55-62F713EE912B}.Debug|Any CPU.ActiveCfg = Debug|Any CPU
		{2FC066D9-29C8-4371-BD55-62F713EE912B}.Debug|Any CPU.Build.0 = Debug|Any CPU
		{2FC066D9-29C8-4371-BD55-62F713EE912B}.Release|Any CPU.ActiveCfg = Release|Any CPU
		{2FC066D9-29C8-4371-BD55-62F713EE912B}.Release|Any CPU.Build.0 = Release|Any CPU
		{D8B728E4-5E93-4B10-B1AA-2103E5996562}.Debug|Any CPU.ActiveCfg = Debug|Any CPU
		{D8B728E4-5E93-4B10-B1AA-2103E5996562}.Debug|Any CPU.Build.0 = Debug|Any CPU
		{D8B728E4-5E93-4B10-B1AA-2103E5996562}.Release|Any CPU.ActiveCfg = Release|Any CPU
		{D8B728E4-5E93-4B10-B1AA-2103E5996562}.Release|Any CPU.Build.0 = Release|Any CPU
		{C417D9DE-2D61-4615-AE41-39C1FE1EBC4D}.Debug|Any CPU.ActiveCfg = Debug|Any CPU
		{C417D9DE-2D61-4615-AE41-39C1FE1EBC4D}.Debug|Any CPU.Build.0 = Debug|Any CPU
		{C417D9DE-2D61-4615-AE41-39C1FE1EBC4D}.Release|Any CPU.ActiveCfg = Release|Any CPU
		{C417D9DE-2D61-4615-AE41-39C1FE1EBC4D}.Release|Any CPU.Build.0 = Release|Any CPU
		{7EA322C9-3AF6-4810-9B04-E4F445D87577}.Debug|Any CPU.ActiveCfg = Debug|Any CPU
		{7EA322C9-3AF6-4810-9B04-E4F445D87577}.Debug|Any CPU.Build.0 = Debug|Any CPU
		{7EA322C9-3AF6-4810-9B04-E4F445D87577}.Release|Any CPU.ActiveCfg = Release|Any CPU
		{7EA322C9-3AF6-4810-9B04-E4F445D87577}.Release|Any CPU.Build.0 = Release|Any CPU
		{A9121C8C-EF73-4244-B847-DEEFD6E2A154}.Debug|Any CPU.ActiveCfg = Debug|Any CPU
		{A9121C8C-EF73-4244-B847-DEEFD6E2A154}.Debug|Any CPU.Build.0 = Debug|Any CPU
		{A9121C8C-EF73-4244-B847-DEEFD6E2A154}.Release|Any CPU.ActiveCfg = Release|Any CPU
		{A9121C8C-EF73-4244-B847-DEEFD6E2A154}.Release|Any CPU.Build.0 = Release|Any CPU
		{78FB76D8-8E25-4582-AE0B-92131EC2F50B}.Debug|Any CPU.ActiveCfg = Debug|Any CPU
		{78FB76D8-8E25-4582-AE0B-92131EC2F50B}.Debug|Any CPU.Build.0 = Debug|Any CPU
		{78FB76D8-8E25-4582-AE0B-92131EC2F50B}.Release|Any CPU.ActiveCfg = Release|Any CPU
		{78FB76D8-8E25-4582-AE0B-92131EC2F50B}.Release|Any CPU.Build.0 = Release|Any CPU
		{B585562F-F252-46A8-BE04-407C32896A22}.Debug|Any CPU.ActiveCfg = Debug|Any CPU
		{B585562F-F252-46A8-BE04-407C32896A22}.Debug|Any CPU.Build.0 = Debug|Any CPU
		{B585562F-F252-46A8-BE04-407C32896A22}.Release|Any CPU.ActiveCfg = Release|Any CPU
		{B585562F-F252-46A8-BE04-407C32896A22}.Release|Any CPU.Build.0 = Release|Any CPU
		{A52C505F-EBDE-4910-BDF6-55DBFCAD34CD}.Debug|Any CPU.ActiveCfg = Debug|Any CPU
		{A52C505F-EBDE-4910-BDF6-55DBFCAD34CD}.Debug|Any CPU.Build.0 = Debug|Any CPU
		{A52C505F-EBDE-4910-BDF6-55DBFCAD34CD}.Release|Any CPU.ActiveCfg = Release|Any CPU
		{A52C505F-EBDE-4910-BDF6-55DBFCAD34CD}.Release|Any CPU.Build.0 = Release|Any CPU
		{FB2764C3-04A4-469C-86E7-F158429D91AF}.Debug|Any CPU.ActiveCfg = Debug|Any CPU
		{FB2764C3-04A4-469C-86E7-F158429D91AF}.Debug|Any CPU.Build.0 = Debug|Any CPU
		{FB2764C3-04A4-469C-86E7-F158429D91AF}.Release|Any CPU.ActiveCfg = Release|Any CPU
		{FB2764C3-04A4-469C-86E7-F158429D91AF}.Release|Any CPU.Build.0 = Release|Any CPU
		{D3976025-5452-460C-AA65-ACAD0A669651}.Debug|Any CPU.ActiveCfg = Debug|Any CPU
		{D3976025-5452-460C-AA65-ACAD0A669651}.Debug|Any CPU.Build.0 = Debug|Any CPU
		{D3976025-5452-460C-AA65-ACAD0A669651}.Release|Any CPU.ActiveCfg = Release|Any CPU
		{D3976025-5452-460C-AA65-ACAD0A669651}.Release|Any CPU.Build.0 = Release|Any CPU
		{D471A9C8-CBEE-425D-A983-52AA5236CFA0}.Debug|Any CPU.ActiveCfg = Debug|Any CPU
		{D471A9C8-CBEE-425D-A983-52AA5236CFA0}.Debug|Any CPU.Build.0 = Debug|Any CPU
		{D471A9C8-CBEE-425D-A983-52AA5236CFA0}.Release|Any CPU.ActiveCfg = Release|Any CPU
		{D471A9C8-CBEE-425D-A983-52AA5236CFA0}.Release|Any CPU.Build.0 = Release|Any CPU
		{1BC5DB0D-068D-4A9F-AC81-BBFF70D99BD6}.Debug|Any CPU.ActiveCfg = Debug|Any CPU
		{1BC5DB0D-068D-4A9F-AC81-BBFF70D99BD6}.Debug|Any CPU.Build.0 = Debug|Any CPU
		{1BC5DB0D-068D-4A9F-AC81-BBFF70D99BD6}.Release|Any CPU.ActiveCfg = Release|Any CPU
		{1BC5DB0D-068D-4A9F-AC81-BBFF70D99BD6}.Release|Any CPU.Build.0 = Release|Any CPU
		{010FF4AA-62A9-4E47-BDD0-6AEB5C566D80}.Debug|Any CPU.ActiveCfg = Debug|Any CPU
		{010FF4AA-62A9-4E47-BDD0-6AEB5C566D80}.Debug|Any CPU.Build.0 = Debug|Any CPU
		{010FF4AA-62A9-4E47-BDD0-6AEB5C566D80}.Release|Any CPU.ActiveCfg = Release|Any CPU
		{010FF4AA-62A9-4E47-BDD0-6AEB5C566D80}.Release|Any CPU.Build.0 = Release|Any CPU
		{583E4259-30EE-4931-9672-9B984BDD5CB7}.Debug|Any CPU.ActiveCfg = Debug|Any CPU
		{583E4259-30EE-4931-9672-9B984BDD5CB7}.Debug|Any CPU.Build.0 = Debug|Any CPU
		{583E4259-30EE-4931-9672-9B984BDD5CB7}.Release|Any CPU.ActiveCfg = Release|Any CPU
		{583E4259-30EE-4931-9672-9B984BDD5CB7}.Release|Any CPU.Build.0 = Release|Any CPU
		{7EF3D44F-54AB-422D-991A-758B4C0BADAE}.Debug|Any CPU.ActiveCfg = Debug|Any CPU
		{7EF3D44F-54AB-422D-991A-758B4C0BADAE}.Debug|Any CPU.Build.0 = Debug|Any CPU
		{7EF3D44F-54AB-422D-991A-758B4C0BADAE}.Release|Any CPU.ActiveCfg = Release|Any CPU
		{7EF3D44F-54AB-422D-991A-758B4C0BADAE}.Release|Any CPU.Build.0 = Release|Any CPU
		{E857BBF7-289A-498D-8DC2-6AA12061BC36}.Debug|Any CPU.ActiveCfg = Debug|Any CPU
		{E857BBF7-289A-498D-8DC2-6AA12061BC36}.Debug|Any CPU.Build.0 = Debug|Any CPU
		{E857BBF7-289A-498D-8DC2-6AA12061BC36}.Release|Any CPU.ActiveCfg = Release|Any CPU
		{E857BBF7-289A-498D-8DC2-6AA12061BC36}.Release|Any CPU.Build.0 = Release|Any CPU
		{C78EF094-3854-4E07-B8ED-E8803CA42B48}.Debug|Any CPU.ActiveCfg = Debug|Any CPU
		{C78EF094-3854-4E07-B8ED-E8803CA42B48}.Debug|Any CPU.Build.0 = Debug|Any CPU
		{C78EF094-3854-4E07-B8ED-E8803CA42B48}.Release|Any CPU.ActiveCfg = Release|Any CPU
		{C78EF094-3854-4E07-B8ED-E8803CA42B48}.Release|Any CPU.Build.0 = Release|Any CPU
	EndGlobalSection
	GlobalSection(SolutionProperties) = preSolution
		HideSolutionNode = FALSE
	EndGlobalSection
	GlobalSection(NestedProjects) = preSolution
		{33D23219-711C-46E2-B8D6-4648BB87ED42} = {02EA681E-C7D8-13C7-8484-4AC65E1B71E8}
		{2FC066D9-29C8-4371-BD55-62F713EE912B} = {02EA681E-C7D8-13C7-8484-4AC65E1B71E8}
		{D8B728E4-5E93-4B10-B1AA-2103E5996562} = {02EA681E-C7D8-13C7-8484-4AC65E1B71E8}
		{C417D9DE-2D61-4615-AE41-39C1FE1EBC4D} = {BF27820E-C882-417C-9D4E-DB8551B3C0F5}
		{7EA322C9-3AF6-4810-9B04-E4F445D87577} = {BF27820E-C882-417C-9D4E-DB8551B3C0F5}
		{A9121C8C-EF73-4244-B847-DEEFD6E2A154} = {BF27820E-C882-417C-9D4E-DB8551B3C0F5}
		{78FB76D8-8E25-4582-AE0B-92131EC2F50B} = {AF76B850-620B-43FF-94A4-5895F9BE45CB}
		{B585562F-F252-46A8-BE04-407C32896A22} = {AF76B850-620B-43FF-94A4-5895F9BE45CB}
		{A52C505F-EBDE-4910-BDF6-55DBFCAD34CD} = {AF76B850-620B-43FF-94A4-5895F9BE45CB}
		{FB2764C3-04A4-469C-86E7-F158429D91AF} = {C0BAF20A-6B0D-40FE-9602-E45F0F1C4498}
		{D3976025-5452-460C-AA65-ACAD0A669651} = {C0BAF20A-6B0D-40FE-9602-E45F0F1C4498}
		{D471A9C8-CBEE-425D-A983-52AA5236CFA0} = {C0BAF20A-6B0D-40FE-9602-E45F0F1C4498}
		{1BC5DB0D-068D-4A9F-AC81-BBFF70D99BD6} = {382C42C4-455A-4D97-A380-F8BC124941A3}
		{010FF4AA-62A9-4E47-BDD0-6AEB5C566D80} = {382C42C4-455A-4D97-A380-F8BC124941A3}
		{583E4259-30EE-4931-9672-9B984BDD5CB7} = {382C42C4-455A-4D97-A380-F8BC124941A3}
		{7EF3D44F-54AB-422D-991A-758B4C0BADAE} = {0B62649C-7894-4399-8944-CA23DF640339}
		{E857BBF7-289A-498D-8DC2-6AA12061BC36} = {0B62649C-7894-4399-8944-CA23DF640339}
		{C78EF094-3854-4E07-B8ED-E8803CA42B48} = {0B62649C-7894-4399-8944-CA23DF640339}
	EndGlobalSection
	GlobalSection(ExtensibilityGlobals) = postSolution
		SolutionGuid = {D5836F68-6CA6-4BFD-92E2-3C2809F4D095}
	EndGlobalSection
EndGlobal
